// !$*UTF8*$!
{
	archiveVersion = 1;
	classes = {
	};
	objectVersion = 56;
	objects = {

/* Begin PBXBuildFile section */
		9A104BB42BC17E450032A72E /* FavoriteButton.swift in Sources */ = {isa = PBXBuildFile; fileRef = 9A104BB32BC17E450032A72E /* FavoriteButton.swift */; };
		9A104BB82BC18DF20032A72E /* HexagonParameters.swift in Sources */ = {isa = PBXBuildFile; fileRef = 9A104BB72BC18DF20032A72E /* HexagonParameters.swift */; };
		9A104BBA2BC18E590032A72E /* BadgeBackground.swift in Sources */ = {isa = PBXBuildFile; fileRef = 9A104BB92BC18E590032A72E /* BadgeBackground.swift */; };
		9A104BBD2BC1907A0032A72E /* BadgeSymbol.swift in Sources */ = {isa = PBXBuildFile; fileRef = 9A104BBC2BC1907A0032A72E /* BadgeSymbol.swift */; };
		9A104BBF2BC1911C0032A72E /* RotatedBadgeSymbol.swift in Sources */ = {isa = PBXBuildFile; fileRef = 9A104BBE2BC1911C0032A72E /* RotatedBadgeSymbol.swift */; };
		9A104BC12BC191E70032A72E /* Badge.swift in Sources */ = {isa = PBXBuildFile; fileRef = 9A104BC02BC191E70032A72E /* Badge.swift */; };
		9A74DCE22BC2395B00F248A1 /* hikeData.json in Resources */ = {isa = PBXBuildFile; fileRef = 9A74DCE12BC2395B00F248A1 /* hikeData.json */; };
		9A74DCE42BC2399400F248A1 /* Hike.swift in Sources */ = {isa = PBXBuildFile; fileRef = 9A74DCE32BC2399400F248A1 /* Hike.swift */; };
		9A74DCEA2BC23A8200F248A1 /* GraphCapsule.swift in Sources */ = {isa = PBXBuildFile; fileRef = 9A74DCE52BC23A8200F248A1 /* GraphCapsule.swift */; };
		9A74DCEB2BC23A8200F248A1 /* HikeDetail.swift in Sources */ = {isa = PBXBuildFile; fileRef = 9A74DCE62BC23A8200F248A1 /* HikeDetail.swift */; };
		9A74DCEC2BC23A8200F248A1 /* HikeGraph.swift in Sources */ = {isa = PBXBuildFile; fileRef = 9A74DCE72BC23A8200F248A1 /* HikeGraph.swift */; };
		9A74DCED2BC23A8200F248A1 /* HikeView.swift in Sources */ = {isa = PBXBuildFile; fileRef = 9A74DCE82BC23A8200F248A1 /* HikeView.swift */; };
		9A74DCF02BC2455000F248A1 /* CategoryHome.swift in Sources */ = {isa = PBXBuildFile; fileRef = 9A74DCEF2BC2455000F248A1 /* CategoryHome.swift */; };
		9A74DCF22BC24A3100F248A1 /* CategoryRow.swift in Sources */ = {isa = PBXBuildFile; fileRef = 9A74DCF12BC24A3100F248A1 /* CategoryRow.swift */; };
		9A74DCF42BC24D7200F248A1 /* CategoryItem.swift in Sources */ = {isa = PBXBuildFile; fileRef = 9A74DCF32BC24D7200F248A1 /* CategoryItem.swift */; };
		9A74DCF62BC2873E00F248A1 /* Profile.swift in Sources */ = {isa = PBXBuildFile; fileRef = 9A74DCF52BC2873E00F248A1 /* Profile.swift */; };
		9A74DCF92BC289DD00F248A1 /* ProfileHost.swift in Sources */ = {isa = PBXBuildFile; fileRef = 9A74DCF82BC289DD00F248A1 /* ProfileHost.swift */; };
		9A74DCFB2BC28A9700F248A1 /* ProfileSummary.swift in Sources */ = {isa = PBXBuildFile; fileRef = 9A74DCFA2BC28A9700F248A1 /* ProfileSummary.swift */; };
		9A74DCFD2BC28CC200F248A1 /* HikeBadge.swift in Sources */ = {isa = PBXBuildFile; fileRef = 9A74DCFC2BC28CC200F248A1 /* HikeBadge.swift */; };
		9A74DCFF2BC2947900F248A1 /* ProfileEditor.swift in Sources */ = {isa = PBXBuildFile; fileRef = 9A74DCFE2BC2947900F248A1 /* ProfileEditor.swift */; };
		9A83636F2BBD3C89001056B0 /* LandmarksApp.swift in Sources */ = {isa = PBXBuildFile; fileRef = 9A83636E2BBD3C89001056B0 /* LandmarksApp.swift */; };
		9A8363712BBD3C89001056B0 /* ContentView.swift in Sources */ = {isa = PBXBuildFile; fileRef = 9A8363702BBD3C89001056B0 /* ContentView.swift */; };
		9A8363732BBD3C8B001056B0 /* Assets.xcassets in Resources */ = {isa = PBXBuildFile; fileRef = 9A8363722BBD3C8B001056B0 /* Assets.xcassets */; };
		9A8363762BBD3C8B001056B0 /* Preview Assets.xcassets in Resources */ = {isa = PBXBuildFile; fileRef = 9A8363752BBD3C8B001056B0 /* Preview Assets.xcassets */; };
		9A83637D2BBD4F2E001056B0 /* CircleImage .swift in Sources */ = {isa = PBXBuildFile; fileRef = 9A83637C2BBD4F2E001056B0 /* CircleImage .swift */; };
		9A83637F2BBD504C001056B0 /* MapView.swift in Sources */ = {isa = PBXBuildFile; fileRef = 9A83637E2BBD504C001056B0 /* MapView.swift */; };
		9A8363812BBD576B001056B0 /* landmarkData.json in Resources */ = {isa = PBXBuildFile; fileRef = 9A8363802BBD576B001056B0 /* landmarkData.json */; };
		9A8363832BBD57BD001056B0 /* Landmark.swift in Sources */ = {isa = PBXBuildFile; fileRef = 9A8363822BBD57BC001056B0 /* Landmark.swift */; };
		9A8363852BBD596D001056B0 /* ModelData.swift in Sources */ = {isa = PBXBuildFile; fileRef = 9A8363842BBD596D001056B0 /* ModelData.swift */; };
		9A83638A2BBD5B36001056B0 /* LandmarkRow.swift in Sources */ = {isa = PBXBuildFile; fileRef = 9A8363892BBD5B36001056B0 /* LandmarkRow.swift */; };
		9A83638C2BBD6831001056B0 /* LandmarkList.swift in Sources */ = {isa = PBXBuildFile; fileRef = 9A83638B2BBD6831001056B0 /* LandmarkList.swift */; };
		9A83638E2BBD6A57001056B0 /* LandmarkDetail.swift in Sources */ = {isa = PBXBuildFile; fileRef = 9A83638D2BBD6A57001056B0 /* LandmarkDetail.swift */; };
/* End PBXBuildFile section */

/* Begin PBXFileReference section */
		9A104BB32BC17E450032A72E /* FavoriteButton.swift */ = {isa = PBXFileReference; lastKnownFileType = sourcecode.swift; path = FavoriteButton.swift; sourceTree = "<group>"; };
		9A104BB72BC18DF20032A72E /* HexagonParameters.swift */ = {isa = PBXFileReference; lastKnownFileType = sourcecode.swift; path = HexagonParameters.swift; sourceTree = "<group>"; };
		9A104BB92BC18E590032A72E /* BadgeBackground.swift */ = {isa = PBXFileReference; lastKnownFileType = sourcecode.swift; path = BadgeBackground.swift; sourceTree = "<group>"; };
		9A104BBC2BC1907A0032A72E /* BadgeSymbol.swift */ = {isa = PBXFileReference; lastKnownFileType = sourcecode.swift; path = BadgeSymbol.swift; sourceTree = "<group>"; };
		9A104BBE2BC1911C0032A72E /* RotatedBadgeSymbol.swift */ = {isa = PBXFileReference; lastKnownFileType = sourcecode.swift; path = RotatedBadgeSymbol.swift; sourceTree = "<group>"; };
		9A104BC02BC191E70032A72E /* Badge.swift */ = {isa = PBXFileReference; lastKnownFileType = sourcecode.swift; path = Badge.swift; sourceTree = "<group>"; };
		9A74DCE12BC2395B00F248A1 /* hikeData.json */ = {isa = PBXFileReference; fileEncoding = 4; lastKnownFileType = text.json; path = hikeData.json; sourceTree = "<group>"; };
		9A74DCE32BC2399400F248A1 /* Hike.swift */ = {isa = PBXFileReference; lastKnownFileType = sourcecode.swift; path = Hike.swift; sourceTree = "<group>"; };
		9A74DCE52BC23A8200F248A1 /* GraphCapsule.swift */ = {isa = PBXFileReference; fileEncoding = 4; lastKnownFileType = sourcecode.swift; path = GraphCapsule.swift; sourceTree = "<group>"; };
		9A74DCE62BC23A8200F248A1 /* HikeDetail.swift */ = {isa = PBXFileReference; fileEncoding = 4; lastKnownFileType = sourcecode.swift; path = HikeDetail.swift; sourceTree = "<group>"; };
		9A74DCE72BC23A8200F248A1 /* HikeGraph.swift */ = {isa = PBXFileReference; fileEncoding = 4; lastKnownFileType = sourcecode.swift; path = HikeGraph.swift; sourceTree = "<group>"; };
		9A74DCE82BC23A8200F248A1 /* HikeView.swift */ = {isa = PBXFileReference; fileEncoding = 4; lastKnownFileType = sourcecode.swift; path = HikeView.swift; sourceTree = "<group>"; };
		9A74DCEF2BC2455000F248A1 /* CategoryHome.swift */ = {isa = PBXFileReference; lastKnownFileType = sourcecode.swift; path = CategoryHome.swift; sourceTree = "<group>"; };
		9A74DCF12BC24A3100F248A1 /* CategoryRow.swift */ = {isa = PBXFileReference; lastKnownFileType = sourcecode.swift; path = CategoryRow.swift; sourceTree = "<group>"; };
		9A74DCF32BC24D7200F248A1 /* CategoryItem.swift */ = {isa = PBXFileReference; lastKnownFileType = sourcecode.swift; path = CategoryItem.swift; sourceTree = "<group>"; };
		9A74DCF52BC2873E00F248A1 /* Profile.swift */ = {isa = PBXFileReference; lastKnownFileType = sourcecode.swift; path = Profile.swift; sourceTree = "<group>"; };
		9A74DCF82BC289DD00F248A1 /* ProfileHost.swift */ = {isa = PBXFileReference; lastKnownFileType = sourcecode.swift; path = ProfileHost.swift; sourceTree = "<group>"; };
		9A74DCFA2BC28A9700F248A1 /* ProfileSummary.swift */ = {isa = PBXFileReference; lastKnownFileType = sourcecode.swift; path = ProfileSummary.swift; sourceTree = "<group>"; };
		9A74DCFC2BC28CC200F248A1 /* HikeBadge.swift */ = {isa = PBXFileReference; lastKnownFileType = sourcecode.swift; path = HikeBadge.swift; sourceTree = "<group>"; };
		9A74DCFE2BC2947900F248A1 /* ProfileEditor.swift */ = {isa = PBXFileReference; lastKnownFileType = sourcecode.swift; path = ProfileEditor.swift; sourceTree = "<group>"; };
		9A83636B2BBD3C89001056B0 /* Landmarks.app */ = {isa = PBXFileReference; explicitFileType = wrapper.application; includeInIndex = 0; path = Landmarks.app; sourceTree = BUILT_PRODUCTS_DIR; };
		9A83636E2BBD3C89001056B0 /* LandmarksApp.swift */ = {isa = PBXFileReference; lastKnownFileType = sourcecode.swift; path = LandmarksApp.swift; sourceTree = "<group>"; };
		9A8363702BBD3C89001056B0 /* ContentView.swift */ = {isa = PBXFileReference; lastKnownFileType = sourcecode.swift; path = ContentView.swift; sourceTree = "<group>"; };
		9A8363722BBD3C8B001056B0 /* Assets.xcassets */ = {isa = PBXFileReference; lastKnownFileType = folder.assetcatalog; path = Assets.xcassets; sourceTree = "<group>"; };
		9A8363752BBD3C8B001056B0 /* Preview Assets.xcassets */ = {isa = PBXFileReference; lastKnownFileType = folder.assetcatalog; path = "Preview Assets.xcassets"; sourceTree = "<group>"; };
		9A83637C2BBD4F2E001056B0 /* CircleImage .swift */ = {isa = PBXFileReference; lastKnownFileType = sourcecode.swift; path = "CircleImage .swift"; sourceTree = "<group>"; };
		9A83637E2BBD504C001056B0 /* MapView.swift */ = {isa = PBXFileReference; lastKnownFileType = sourcecode.swift; path = MapView.swift; sourceTree = "<group>"; };
		9A8363802BBD576B001056B0 /* landmarkData.json */ = {isa = PBXFileReference; fileEncoding = 4; lastKnownFileType = text.json; path = landmarkData.json; sourceTree = "<group>"; };
		9A8363822BBD57BC001056B0 /* Landmark.swift */ = {isa = PBXFileReference; lastKnownFileType = sourcecode.swift; path = Landmark.swift; sourceTree = "<group>"; };
		9A8363842BBD596D001056B0 /* ModelData.swift */ = {isa = PBXFileReference; lastKnownFileType = sourcecode.swift; path = ModelData.swift; sourceTree = "<group>"; };
		9A8363892BBD5B36001056B0 /* LandmarkRow.swift */ = {isa = PBXFileReference; lastKnownFileType = sourcecode.swift; path = LandmarkRow.swift; sourceTree = "<group>"; };
		9A83638B2BBD6831001056B0 /* LandmarkList.swift */ = {isa = PBXFileReference; lastKnownFileType = sourcecode.swift; path = LandmarkList.swift; sourceTree = "<group>"; };
		9A83638D2BBD6A57001056B0 /* LandmarkDetail.swift */ = {isa = PBXFileReference; lastKnownFileType = sourcecode.swift; path = LandmarkDetail.swift; sourceTree = "<group>"; };
/* End PBXFileReference section */

/* Begin PBXFrameworksBuildPhase section */
		9A8363682BBD3C89001056B0 /* Frameworks */ = {
			isa = PBXFrameworksBuildPhase;
			buildActionMask = 2147483647;
			files = (
			);
			runOnlyForDeploymentPostprocessing = 0;
		};
/* End PBXFrameworksBuildPhase section */

/* Begin PBXGroup section */
		9A104BB52BC183BF0032A72E /* Landmarks */ = {
			isa = PBXGroup;
			children = (
				9A83638D2BBD6A57001056B0 /* LandmarkDetail.swift */,
				9A83638B2BBD6831001056B0 /* LandmarkList.swift */,
				9A8363892BBD5B36001056B0 /* LandmarkRow.swift */,
			);
			path = Landmarks;
			sourceTree = "<group>";
		};
		9A104BB62BC183DC0032A72E /* Helper */ = {
			isa = PBXGroup;
			children = (
				9A104BB32BC17E450032A72E /* FavoriteButton.swift */,
				9A83637E2BBD504C001056B0 /* MapView.swift */,
				9A83637C2BBD4F2E001056B0 /* CircleImage .swift */,
			);
			path = Helper;
			sourceTree = "<group>";
		};
		9A104BBB2BC1903F0032A72E /* AppIcon */ = {
			isa = PBXGroup;
			children = (
			);
			path = AppIcon;
			sourceTree = "<group>";
		};
		9A104BC22BC1925A0032A72E /* Badges */ = {
			isa = PBXGroup;
			children = (
				9A104BC02BC191E70032A72E /* Badge.swift */,
				9A104BBC2BC1907A0032A72E /* BadgeSymbol.swift */,
				9A104BB92BC18E590032A72E /* BadgeBackground.swift */,
				9A104BBE2BC1911C0032A72E /* RotatedBadgeSymbol.swift */,
				9A104BB72BC18DF20032A72E /* HexagonParameters.swift */,
			);
			path = Badges;
			sourceTree = "<group>";
		};
		9A74DCE92BC23A8200F248A1 /* Hikes */ = {
			isa = PBXGroup;
			children = (
				9A74DCE52BC23A8200F248A1 /* GraphCapsule.swift */,
				9A74DCE62BC23A8200F248A1 /* HikeDetail.swift */,
				9A74DCE72BC23A8200F248A1 /* HikeGraph.swift */,
				9A74DCE82BC23A8200F248A1 /* HikeView.swift */,
				9A74DCFC2BC28CC200F248A1 /* HikeBadge.swift */,
			);
			path = Hikes;
			sourceTree = "<group>";
		};
		9A74DCEE2BC2454100F248A1 /* Categories */ = {
			isa = PBXGroup;
			children = (
				9A74DCEF2BC2455000F248A1 /* CategoryHome.swift */,
				9A74DCF12BC24A3100F248A1 /* CategoryRow.swift */,
				9A74DCF32BC24D7200F248A1 /* CategoryItem.swift */,
			);
			path = Categories;
			sourceTree = "<group>";
		};
		9A74DCF72BC2897800F248A1 /* Profiles */ = {
			isa = PBXGroup;
			children = (
				9A74DCF82BC289DD00F248A1 /* ProfileHost.swift */,
				9A74DCFA2BC28A9700F248A1 /* ProfileSummary.swift */,
				9A74DCFE2BC2947900F248A1 /* ProfileEditor.swift */,
			);
			path = Profiles;
			sourceTree = "<group>";
		};
		9A8363622BBD3C89001056B0 = {
			isa = PBXGroup;
			children = (
				9A104BBB2BC1903F0032A72E /* AppIcon */,
				9A83636D2BBD3C89001056B0 /* Landmarks */,
				9A83636C2BBD3C89001056B0 /* Products */,
			);
			sourceTree = "<group>";
		};
		9A83636C2BBD3C89001056B0 /* Products */ = {
			isa = PBXGroup;
			children = (
				9A83636B2BBD3C89001056B0 /* Landmarks.app */,
			);
			name = Products;
			sourceTree = "<group>";
		};
		9A83636D2BBD3C89001056B0 /* Landmarks */ = {
			isa = PBXGroup;
			children = (
				9A83636E2BBD3C89001056B0 /* LandmarksApp.swift */,
				9A8363882BBD5ACB001056B0 /* Resources */,
				9A8363872BBD5A4A001056B0 /* Views */,
				9A8363862BBD5A08001056B0 /*  Model */,
				9A8363722BBD3C8B001056B0 /* Assets.xcassets */,
				9A8363742BBD3C8B001056B0 /* Preview Content */,
			);
			path = Landmarks;
			sourceTree = "<group>";
		};
		9A8363742BBD3C8B001056B0 /* Preview Content */ = {
			isa = PBXGroup;
			children = (
				9A8363752BBD3C8B001056B0 /* Preview Assets.xcassets */,
			);
			path = "Preview Content";
			sourceTree = "<group>";
		};
		9A8363862BBD5A08001056B0 /*  Model */ = {
			isa = PBXGroup;
			children = (
				9A8363822BBD57BC001056B0 /* Landmark.swift */,
				9A8363842BBD596D001056B0 /* ModelData.swift */,
				9A74DCE32BC2399400F248A1 /* Hike.swift */,
				9A74DCF52BC2873E00F248A1 /* Profile.swift */,
			);
			path = " Model";
			sourceTree = "<group>";
		};
		9A8363872BBD5A4A001056B0 /* Views */ = {
			isa = PBXGroup;
			children = (
				9A8363702BBD3C89001056B0 /* ContentView.swift */,
				9A74DCF72BC2897800F248A1 /* Profiles */,
				9A74DCEE2BC2454100F248A1 /* Categories */,
				9A74DCE92BC23A8200F248A1 /* Hikes */,
				9A104BC22BC1925A0032A72E /* Badges */,
				9A104BB62BC183DC0032A72E /* Helper */,
				9A104BB52BC183BF0032A72E /* Landmarks */,
			);
			path = Views;
			sourceTree = "<group>";
		};
		9A8363882BBD5ACB001056B0 /* Resources */ = {
			isa = PBXGroup;
			children = (
				9A74DCE12BC2395B00F248A1 /* hikeData.json */,
				9A8363802BBD576B001056B0 /* landmarkData.json */,
			);
			path = Resources;
			sourceTree = "<group>";
		};
/* End PBXGroup section */

/* Begin PBXNativeTarget section */
		9A83636A2BBD3C89001056B0 /* Landmarks */ = {
			isa = PBXNativeTarget;
			buildConfigurationList = 9A8363792BBD3C8B001056B0 /* Build configuration list for PBXNativeTarget "Landmarks" */;
			buildPhases = (
				9A8363672BBD3C89001056B0 /* Sources */,
				9A8363682BBD3C89001056B0 /* Frameworks */,
				9A8363692BBD3C89001056B0 /* Resources */,
			);
			buildRules = (
			);
			dependencies = (
			);
			name = Landmarks;
			productName = Landmarks;
			productReference = 9A83636B2BBD3C89001056B0 /* Landmarks.app */;
			productType = "com.apple.product-type.application";
		};
/* End PBXNativeTarget section */

/* Begin PBXProject section */
		9A8363632BBD3C89001056B0 /* Project object */ = {
			isa = PBXProject;
			attributes = {
				BuildIndependentTargetsInParallel = 1;
				LastSwiftUpdateCheck = 1530;
				LastUpgradeCheck = 1530;
				TargetAttributes = {
					9A83636A2BBD3C89001056B0 = {
						CreatedOnToolsVersion = 15.3;
					};
				};
			};
			buildConfigurationList = 9A8363662BBD3C89001056B0 /* Build configuration list for PBXProject "Landmarks" */;
			compatibilityVersion = "Xcode 14.0";
			developmentRegion = en;
			hasScannedForEncodings = 0;
			knownRegions = (
				en,
				Base,
			);
			mainGroup = 9A8363622BBD3C89001056B0;
			productRefGroup = 9A83636C2BBD3C89001056B0 /* Products */;
			projectDirPath = "";
			projectRoot = "";
			targets = (
				9A83636A2BBD3C89001056B0 /* Landmarks */,
			);
		};
/* End PBXProject section */

/* Begin PBXResourcesBuildPhase section */
		9A8363692BBD3C89001056B0 /* Resources */ = {
			isa = PBXResourcesBuildPhase;
			buildActionMask = 2147483647;
			files = (
				9A74DCE22BC2395B00F248A1 /* hikeData.json in Resources */,
				9A8363762BBD3C8B001056B0 /* Preview Assets.xcassets in Resources */,
				9A8363732BBD3C8B001056B0 /* Assets.xcassets in Resources */,
				9A8363812BBD576B001056B0 /* landmarkData.json in Resources */,
			);
			runOnlyForDeploymentPostprocessing = 0;
		};
/* End PBXResourcesBuildPhase section */

/* Begin PBXSourcesBuildPhase section */
		9A8363672BBD3C89001056B0 /* Sources */ = {
			isa = PBXSourcesBuildPhase;
			buildActionMask = 2147483647;
			files = (
				9A74DCF22BC24A3100F248A1 /* CategoryRow.swift in Sources */,
				9A74DCF62BC2873E00F248A1 /* Profile.swift in Sources */,
				9A8363712BBD3C89001056B0 /* ContentView.swift in Sources */,
				9A74DCF02BC2455000F248A1 /* CategoryHome.swift in Sources */,
				9A104BC12BC191E70032A72E /* Badge.swift in Sources */,
				9A83637F2BBD504C001056B0 /* MapView.swift in Sources */,
				9A74DCEA2BC23A8200F248A1 /* GraphCapsule.swift in Sources */,
				9A74DCEC2BC23A8200F248A1 /* HikeGraph.swift in Sources */,
				9A83637D2BBD4F2E001056B0 /* CircleImage .swift in Sources */,
				9A104BB42BC17E450032A72E /* FavoriteButton.swift in Sources */,
				9A74DCF42BC24D7200F248A1 /* CategoryItem.swift in Sources */,
				9A104BB82BC18DF20032A72E /* HexagonParameters.swift in Sources */,
				9A74DCFB2BC28A9700F248A1 /* ProfileSummary.swift in Sources */,
				9A74DCE42BC2399400F248A1 /* Hike.swift in Sources */,
				9A104BBF2BC1911C0032A72E /* RotatedBadgeSymbol.swift in Sources */,
				9A104BBD2BC1907A0032A72E /* BadgeSymbol.swift in Sources */,
				9A83638C2BBD6831001056B0 /* LandmarkList.swift in Sources */,
				9A74DCEB2BC23A8200F248A1 /* HikeDetail.swift in Sources */,
				9A74DCFF2BC2947900F248A1 /* ProfileEditor.swift in Sources */,
				9A74DCED2BC23A8200F248A1 /* HikeView.swift in Sources */,
				9A83638E2BBD6A57001056B0 /* LandmarkDetail.swift in Sources */,
				9A74DCF92BC289DD00F248A1 /* ProfileHost.swift in Sources */,
				9A104BBA2BC18E590032A72E /* BadgeBackground.swift in Sources */,
				9A74DCFD2BC28CC200F248A1 /* HikeBadge.swift in Sources */,
				9A83636F2BBD3C89001056B0 /* LandmarksApp.swift in Sources */,
				9A8363832BBD57BD001056B0 /* Landmark.swift in Sources */,
				9A83638A2BBD5B36001056B0 /* LandmarkRow.swift in Sources */,
				9A8363852BBD596D001056B0 /* ModelData.swift in Sources */,
			);
			runOnlyForDeploymentPostprocessing = 0;
		};
/* End PBXSourcesBuildPhase section */

/* Begin XCBuildConfiguration section */
		9A8363772BBD3C8B001056B0 /* Debug */ = {
			isa = XCBuildConfiguration;
			buildSettings = {
				ALWAYS_SEARCH_USER_PATHS = NO;
				ASSETCATALOG_COMPILER_GENERATE_SWIFT_ASSET_SYMBOL_EXTENSIONS = YES;
				CLANG_ANALYZER_NONNULL = YES;
				CLANG_ANALYZER_NUMBER_OBJECT_CONVERSION = YES_AGGRESSIVE;
				CLANG_CXX_LANGUAGE_STANDARD = "gnu++20";
				CLANG_ENABLE_MODULES = YES;
				CLANG_ENABLE_OBJC_ARC = YES;
				CLANG_ENABLE_OBJC_WEAK = YES;
				CLANG_WARN_BLOCK_CAPTURE_AUTORELEASING = YES;
				CLANG_WARN_BOOL_CONVERSION = YES;
				CLANG_WARN_COMMA = YES;
				CLANG_WARN_CONSTANT_CONVERSION = YES;
				CLANG_WARN_DEPRECATED_OBJC_IMPLEMENTATIONS = YES;
				CLANG_WARN_DIRECT_OBJC_ISA_USAGE = YES_ERROR;
				CLANG_WARN_DOCUMENTATION_COMMENTS = YES;
				CLANG_WARN_EMPTY_BODY = YES;
				CLANG_WARN_ENUM_CONVERSION = YES;
				CLANG_WARN_INFINITE_RECURSION = YES;
				CLANG_WARN_INT_CONVERSION = YES;
				CLANG_WARN_NON_LITERAL_NULL_CONVERSION = YES;
				CLANG_WARN_OBJC_IMPLICIT_RETAIN_SELF = YES;
				CLANG_WARN_OBJC_LITERAL_CONVERSION = YES;
				CLANG_WARN_OBJC_ROOT_CLASS = YES_ERROR;
				CLANG_WARN_QUOTED_INCLUDE_IN_FRAMEWORK_HEADER = YES;
				CLANG_WARN_RANGE_LOOP_ANALYSIS = YES;
				CLANG_WARN_STRICT_PROTOTYPES = YES;
				CLANG_WARN_SUSPICIOUS_MOVE = YES;
				CLANG_WARN_UNGUARDED_AVAILABILITY = YES_AGGRESSIVE;
				CLANG_WARN_UNREACHABLE_CODE = YES;
				CLANG_WARN__DUPLICATE_METHOD_MATCH = YES;
				COPY_PHASE_STRIP = NO;
				DEBUG_INFORMATION_FORMAT = dwarf;
				ENABLE_STRICT_OBJC_MSGSEND = YES;
				ENABLE_TESTABILITY = YES;
				ENABLE_USER_SCRIPT_SANDBOXING = YES;
				GCC_C_LANGUAGE_STANDARD = gnu17;
				GCC_DYNAMIC_NO_PIC = NO;
				GCC_NO_COMMON_BLOCKS = YES;
				GCC_OPTIMIZATION_LEVEL = 0;
				GCC_PREPROCESSOR_DEFINITIONS = (
					"DEBUG=1",
					"$(inherited)",
				);
				GCC_WARN_64_TO_32_BIT_CONVERSION = YES;
				GCC_WARN_ABOUT_RETURN_TYPE = YES_ERROR;
				GCC_WARN_UNDECLARED_SELECTOR = YES;
				GCC_WARN_UNINITIALIZED_AUTOS = YES_AGGRESSIVE;
				GCC_WARN_UNUSED_FUNCTION = YES;
				GCC_WARN_UNUSED_VARIABLE = YES;
				IPHONEOS_DEPLOYMENT_TARGET = 17.4;
				LOCALIZATION_PREFERS_STRING_CATALOGS = YES;
				MTL_ENABLE_DEBUG_INFO = INCLUDE_SOURCE;
				MTL_FAST_MATH = YES;
				ONLY_ACTIVE_ARCH = YES;
				SDKROOT = iphoneos;
				SWIFT_ACTIVE_COMPILATION_CONDITIONS = "DEBUG $(inherited)";
				SWIFT_OPTIMIZATION_LEVEL = "-Onone";
			};
			name = Debug;
		};
		9A8363782BBD3C8B001056B0 /* Release */ = {
			isa = XCBuildConfiguration;
			buildSettings = {
				ALWAYS_SEARCH_USER_PATHS = NO;
				ASSETCATALOG_COMPILER_GENERATE_SWIFT_ASSET_SYMBOL_EXTENSIONS = YES;
				CLANG_ANALYZER_NONNULL = YES;
				CLANG_ANALYZER_NUMBER_OBJECT_CONVERSION = YES_AGGRESSIVE;
				CLANG_CXX_LANGUAGE_STANDARD = "gnu++20";
				CLANG_ENABLE_MODULES = YES;
				CLANG_ENABLE_OBJC_ARC = YES;
				CLANG_ENABLE_OBJC_WEAK = YES;
				CLANG_WARN_BLOCK_CAPTURE_AUTORELEASING = YES;
				CLANG_WARN_BOOL_CONVERSION = YES;
				CLANG_WARN_COMMA = YES;
				CLANG_WARN_CONSTANT_CONVERSION = YES;
				CLANG_WARN_DEPRECATED_OBJC_IMPLEMENTATIONS = YES;
				CLANG_WARN_DIRECT_OBJC_ISA_USAGE = YES_ERROR;
				CLANG_WARN_DOCUMENTATION_COMMENTS = YES;
				CLANG_WARN_EMPTY_BODY = YES;
				CLANG_WARN_ENUM_CONVERSION = YES;
				CLANG_WARN_INFINITE_RECURSION = YES;
				CLANG_WARN_INT_CONVERSION = YES;
				CLANG_WARN_NON_LITERAL_NULL_CONVERSION = YES;
				CLANG_WARN_OBJC_IMPLICIT_RETAIN_SELF = YES;
				CLANG_WARN_OBJC_LITERAL_CONVERSION = YES;
				CLANG_WARN_OBJC_ROOT_CLASS = YES_ERROR;
				CLANG_WARN_QUOTED_INCLUDE_IN_FRAMEWORK_HEADER = YES;
				CLANG_WARN_RANGE_LOOP_ANALYSIS = YES;
				CLANG_WARN_STRICT_PROTOTYPES = YES;
				CLANG_WARN_SUSPICIOUS_MOVE = YES;
				CLANG_WARN_UNGUARDED_AVAILABILITY = YES_AGGRESSIVE;
				CLANG_WARN_UNREACHABLE_CODE = YES;
				CLANG_WARN__DUPLICATE_METHOD_MATCH = YES;
				COPY_PHASE_STRIP = NO;
				DEBUG_INFORMATION_FORMAT = "dwarf-with-dsym";
				ENABLE_NS_ASSERTIONS = NO;
				ENABLE_STRICT_OBJC_MSGSEND = YES;
				ENABLE_USER_SCRIPT_SANDBOXING = YES;
				GCC_C_LANGUAGE_STANDARD = gnu17;
				GCC_NO_COMMON_BLOCKS = YES;
				GCC_WARN_64_TO_32_BIT_CONVERSION = YES;
				GCC_WARN_ABOUT_RETURN_TYPE = YES_ERROR;
				GCC_WARN_UNDECLARED_SELECTOR = YES;
				GCC_WARN_UNINITIALIZED_AUTOS = YES_AGGRESSIVE;
				GCC_WARN_UNUSED_FUNCTION = YES;
				GCC_WARN_UNUSED_VARIABLE = YES;
				IPHONEOS_DEPLOYMENT_TARGET = 17.4;
				LOCALIZATION_PREFERS_STRING_CATALOGS = YES;
				MTL_ENABLE_DEBUG_INFO = NO;
				MTL_FAST_MATH = YES;
				SDKROOT = iphoneos;
				SWIFT_COMPILATION_MODE = wholemodule;
				VALIDATE_PRODUCT = YES;
			};
			name = Release;
		};
		9A83637A2BBD3C8B001056B0 /* Debug */ = {
			isa = XCBuildConfiguration;
			buildSettings = {
				ASSETCATALOG_COMPILER_APPICON_NAME = AppIcon;
				ASSETCATALOG_COMPILER_GLOBAL_ACCENT_COLOR_NAME = AccentColor;
				CODE_SIGN_STYLE = Automatic;
				CURRENT_PROJECT_VERSION = 1;
				DEVELOPMENT_ASSET_PATHS = "\"Landmarks/Preview Content\"";
				ENABLE_PREVIEWS = YES;
				GENERATE_INFOPLIST_FILE = YES;
				INFOPLIST_KEY_UIApplicationSceneManifest_Generation = YES;
				INFOPLIST_KEY_UIApplicationSupportsIndirectInputEvents = YES;
				INFOPLIST_KEY_UILaunchScreen_Generation = YES;
				INFOPLIST_KEY_UISupportedInterfaceOrientations_iPad = "UIInterfaceOrientationPortrait UIInterfaceOrientationPortraitUpsideDown UIInterfaceOrientationLandscapeLeft UIInterfaceOrientationLandscapeRight";
				INFOPLIST_KEY_UISupportedInterfaceOrientations_iPhone = "UIInterfaceOrientationPortrait UIInterfaceOrientationLandscapeLeft UIInterfaceOrientationLandscapeRight";
				LD_RUNPATH_SEARCH_PATHS = (
					"$(inherited)",
					"@executable_path/Frameworks",
				);
				MARKETING_VERSION = 1.0;
				PRODUCT_BUNDLE_IDENTIFIER = "com.example.apple-samplecode.Landmarks";
				PRODUCT_NAME = "$(TARGET_NAME)";
				SWIFT_EMIT_LOC_STRINGS = YES;
				SWIFT_VERSION = 5.0;
				TARGETED_DEVICE_FAMILY = "1,2";
			};
			name = Debug;
		};
		9A83637B2BBD3C8B001056B0 /* Release */ = {
			isa = XCBuildConfiguration;
			buildSettings = {
				ASSETCATALOG_COMPILER_APPICON_NAME = AppIcon;
				ASSETCATALOG_COMPILER_GLOBAL_ACCENT_COLOR_NAME = AccentColor;
				CODE_SIGN_STYLE = Automatic;
				CURRENT_PROJECT_VERSION = 1;
				DEVELOPMENT_ASSET_PATHS = "\"Landmarks/Preview Content\"";
				ENABLE_PREVIEWS = YES;
				GENERATE_INFOPLIST_FILE = YES;
				INFOPLIST_KEY_UIApplicationSceneManifest_Generation = YES;
				INFOPLIST_KEY_UIApplicationSupportsIndirectInputEvents = YES;
				INFOPLIST_KEY_UILaunchScreen_Generation = YES;
				INFOPLIST_KEY_UISupportedInterfaceOrientations_iPad = "UIInterfaceOrientationPortrait UIInterfaceOrientationPortraitUpsideDown UIInterfaceOrientationLandscapeLeft UIInterfaceOrientationLandscapeRight";
				INFOPLIST_KEY_UISupportedInterfaceOrientations_iPhone = "UIInterfaceOrientationPortrait UIInterfaceOrientationLandscapeLeft UIInterfaceOrientationLandscapeRight";
				LD_RUNPATH_SEARCH_PATHS = (
					"$(inherited)",
					"@executable_path/Frameworks",
				);
				MARKETING_VERSION = 1.0;
				PRODUCT_BUNDLE_IDENTIFIER = "com.example.apple-samplecode.Landmarks";
				PRODUCT_NAME = "$(TARGET_NAME)";
				SWIFT_EMIT_LOC_STRINGS = YES;
				SWIFT_VERSION = 5.0;
				TARGETED_DEVICE_FAMILY = "1,2";
			};
			name = Release;
		};
/* End XCBuildConfiguration section */

/* Begin XCConfigurationList section */
		9A8363662BBD3C89001056B0 /* Build configuration list for PBXProject "Landmarks" */ = {
			isa = XCConfigurationList;
			buildConfigurations = (
				9A8363772BBD3C8B001056B0 /* Debug */,
				9A8363782BBD3C8B001056B0 /* Release */,
			);
			defaultConfigurationIsVisible = 0;
			defaultConfigurationName = Release;
		};
		9A8363792BBD3C8B001056B0 /* Build configuration list for PBXNativeTarget "Landmarks" */ = {
			isa = XCConfigurationList;
			buildConfigurations = (
				9A83637A2BBD3C8B001056B0 /* Debug */,
				9A83637B2BBD3C8B001056B0 /* Release */,
			);
			defaultConfigurationIsVisible = 0;
			defaultConfigurationName = Release;
		};
/* End XCConfigurationList section */
	};
	rootObject = 9A8363632BBD3C89001056B0 /* Project object */;
}
